{
  "version": 4,
  "terraform_version": "1.13.4",
  "serial": 1,
  "lineage": "1702030e-a274-ca85-04c1-41df5f4e0e30",
  "outputs": {
    "topic_names": {
      "value": [
        "test-topic"
      ],
      "type": [
        "tuple",
        [
          "string"
        ]
      ]
    }
  },
  "resources": [
    {
      "mode": "managed",
      "type": "kafka_topic",
      "name": "dev",
      "provider": "provider[\"registry.terraform.io/mongey/kafka\"]",
      "instances": [
        {
          "index_key": "test-topic",
          "schema_version": 0,
          "attributes": {
            "config": {
              "cleanup.policy": "delete",
              "min.insync.replicas": "1",
              "segment.bytes": "104857600"
            },
            "id": "test-topic",
            "name": "test-topic",
            "partitions": 3,
            "replication_factor": 1
          },
          "sensitive_attributes": [],
          "identity_schema_version": 0,
          "private": "bnVsbA=="
        }
      ]
    }
  ],
  "check_results": null
}
