{
  "version": 4,
  "terraform_version": "1.13.4",
  "serial": 5,
  "lineage": "1702030e-a274-ca85-04c1-41df5f4e0e30",
  "outputs": {
    "topic_names": {
      "value": [
        "chat.message.events",
        "chat.presence.events"
      ],
      "type": [
        "tuple",
        [
          "string",
          "string"
        ]
      ]
    }
  },
  "resources": [
    {
      "mode": "managed",
      "type": "kafka_topic",
      "name": "dev",
      "provider": "provider[\"registry.terraform.io/mongey/kafka\"]",
      "instances": [
        {
          "index_key": "chat.message.events",
          "schema_version": 0,
          "attributes": {
            "config": {
              "cleanup.policy": "delete",
              "min.insync.replicas": "1",
              "retention.ms": "604800000",
              "segment.bytes": "104857600"
            },
            "id": "chat.message.events",
            "name": "chat.message.events",
            "partitions": 6,
            "replication_factor": 1
          },
          "sensitive_attributes": [],
          "identity_schema_version": 0,
          "private": "bnVsbA=="
        },
        {
          "index_key": "chat.presence.events",
          "schema_version": 0,
          "attributes": {
            "config": {
              "cleanup.policy": "delete",
              "min.insync.replicas": "1",
              "retention.ms": "86400000",
              "segment.bytes": "104857600"
            },
            "id": "chat.presence.events",
            "name": "chat.presence.events",
            "partitions": 3,
            "replication_factor": 1
          },
          "sensitive_attributes": [],
          "identity_schema_version": 0,
          "private": "bnVsbA=="
        }
      ]
    }
  ],
  "check_results": [
    {
      "object_kind": "var",
      "config_addr": "var.topic_definitions",
      "status": "pass",
      "objects": [
        {
          "object_addr": "var.topic_definitions",
          "status": "pass"
        }
      ]
    }
  ]
}
